
Microsoft Visual Studio Solution File, Format Version 12.00
# Visual Studio 15
VisualStudioVersion = 15.0.28307.329
MinimumVisualStudioVersion = 10.0.40219.1
Project("{FAE04EC0-301F-11D3-BF4B-00C04F79EFBC}") = "M404_Snake_Zenger_I", "M404_Snake_Zenger_I\M404_Snake_Zenger_I.csproj", "{12AABCB4-4213-4EB1-ACE5-D2B0670B2868}"
EndProject
Global
	GlobalSection(SolutionConfigurationPlatforms) = preSolution
		Debug|Any CPU = Debug|Any CPU
		Release|Any CPU = Release|Any CPU
	EndGlobalSection
	GlobalSection(ProjectConfigurationPlatforms) = postSolution
		{12AABCB4-4213-4EB1-ACE5-D2B0670B2868}.Debug|Any CPU.ActiveCfg = Debug|Any CPU
		{12AABCB4-4213-4EB1-ACE5-D2B0670B2868}.Debug|Any CPU.Build.0 = Debug|Any CPU
		{12AABCB4-4213-4EB1-ACE5-D2B0670B2868}.Release|Any CPU.ActiveCfg = Release|Any CPU
		{12AABCB4-4213-4EB1-ACE5-D2B0670B2868}.Release|Any CPU.Build.0 = Release|Any CPU
	EndGlobalSection
	GlobalSection(SolutionProperties) = preSolution
		HideSolutionNode = FALSE
	EndGlobalSection
	GlobalSection(ExtensibilityGlobals) = postSolution
		SolutionGuid = {6659AA64-CC52-4C55-B164-B3D93150D627}
	EndGlobalSection
EndGlobal
